{
    "version": 3,
    "terraform_version": "0.11.7",
    "serial": 8,
    "lineage": "ff037d3a-5cac-db74-849f-aad5eac37cdc",
    "modules": [
        {
            "path": [
                "root"
            ],
            "outputs": {},
            "resources": {
                "azurerm_network_interface.yanakiev-ni1": {
                    "type": "azurerm_network_interface",
                    "depends_on": [
                        "azurerm_network_security_group.yanakiev-scg",
                        "azurerm_public_ip.yanakiev-ip1",
                        "azurerm_resource_group.rg-tccc-poc-rds-sofia-yanakiev",
                        "azurerm_subnet.subnet"
                    ],
                    "primary": {
                        "id": "/subscriptions/a0646149-4324-4cd8-9285-65529749461c/resourceGroups/rg-tccc-poc-rds-sofia-yanakiev/providers/Microsoft.Network/networkInterfaces/yanakiev-ni1",
                        "attributes": {
                            "applied_dns_servers.#": "0",
                            "dns_servers.#": "0",
                            "enable_accelerated_networking": "false",
                            "enable_ip_forwarding": "false",
                            "id": "/subscriptions/a0646149-4324-4cd8-9285-65529749461c/resourceGroups/rg-tccc-poc-rds-sofia-yanakiev/providers/Microsoft.Network/networkInterfaces/yanakiev-ni1",
                            "internal_dns_name_label": "",
                            "internal_fqdn": "",
                            "ip_configuration.#": "1",
                            "ip_configuration.0.application_gateway_backend_address_pools_ids.#": "0",
                            "ip_configuration.0.application_security_group_ids.#": "0",
                            "ip_configuration.0.load_balancer_backend_address_pools_ids.#": "0",
                            "ip_configuration.0.load_balancer_inbound_nat_rules_ids.#": "0",
                            "ip_configuration.0.name": "yanakiev-ip-config1",
                            "ip_configuration.0.primary": "true",
                            "ip_configuration.0.private_ip_address": "",
                            "ip_configuration.0.private_ip_address_allocation": "dynamic",
                            "ip_configuration.0.public_ip_address_id": "/subscriptions/a0646149-4324-4cd8-9285-65529749461c/resourceGroups/rg-tccc-poc-rds-sofia-yanakiev/providers/Microsoft.Network/publicIPAddresses/yanakiev-pip1",
                            "ip_configuration.0.subnet_id": "/subscriptions/a0646149-4324-4cd8-9285-65529749461c/resourceGroups/rg-tccc-poc-rds-sofia-yanakiev/providers/Microsoft.Network/virtualNetworks/yanakiev-vnet/subnets/yanakiev-subnet",
                            "location": "westeurope",
                            "mac_address": "",
                            "name": "yanakiev-ni1",
                            "network_security_group_id": "/subscriptions/a0646149-4324-4cd8-9285-65529749461c/resourceGroups/rg-tccc-poc-rds-sofia-yanakiev/providers/Microsoft.Network/networkSecurityGroups/yanakiev-NSG",
                            "private_ip_address": "10.2.0.4",
                            "private_ip_addresses.#": "1",
                            "private_ip_addresses.0": "10.2.0.4",
                            "resource_group_name": "rg-tccc-poc-rds-sofia-yanakiev",
                            "tags.%": "1",
                            "tags.user": "dyanakiev"
                        },
                        "meta": {},
                        "tainted": false
                    },
                    "deposed": [],
                    "provider": "provider.azurerm"
                },
                "azurerm_network_interface.yanakiev-ni2": {
                    "type": "azurerm_network_interface",
                    "depends_on": [
                        "azurerm_network_security_group.yanakiev-scg",
                        "azurerm_public_ip.yanakiev-ip2",
                        "azurerm_resource_group.rg-tccc-poc-rds-sofia-yanakiev",
                        "azurerm_subnet.subnet"
                    ],
                    "primary": {
                        "id": "/subscriptions/a0646149-4324-4cd8-9285-65529749461c/resourceGroups/rg-tccc-poc-rds-sofia-yanakiev/providers/Microsoft.Network/networkInterfaces/yanakiev-ni2",
                        "attributes": {
                            "applied_dns_servers.#": "0",
                            "dns_servers.#": "0",
                            "enable_accelerated_networking": "false",
                            "enable_ip_forwarding": "false",
                            "id": "/subscriptions/a0646149-4324-4cd8-9285-65529749461c/resourceGroups/rg-tccc-poc-rds-sofia-yanakiev/providers/Microsoft.Network/networkInterfaces/yanakiev-ni2",
                            "internal_dns_name_label": "",
                            "internal_fqdn": "",
                            "ip_configuration.#": "1",
                            "ip_configuration.0.application_gateway_backend_address_pools_ids.#": "0",
                            "ip_configuration.0.application_security_group_ids.#": "0",
                            "ip_configuration.0.load_balancer_backend_address_pools_ids.#": "0",
                            "ip_configuration.0.load_balancer_inbound_nat_rules_ids.#": "0",
                            "ip_configuration.0.name": "yanakiev-ip-config2",
                            "ip_configuration.0.primary": "true",
                            "ip_configuration.0.private_ip_address": "",
                            "ip_configuration.0.private_ip_address_allocation": "dynamic",
                            "ip_configuration.0.public_ip_address_id": "/subscriptions/a0646149-4324-4cd8-9285-65529749461c/resourceGroups/rg-tccc-poc-rds-sofia-yanakiev/providers/Microsoft.Network/publicIPAddresses/yanakiev-pip2",
                            "ip_configuration.0.subnet_id": "/subscriptions/a0646149-4324-4cd8-9285-65529749461c/resourceGroups/rg-tccc-poc-rds-sofia-yanakiev/providers/Microsoft.Network/virtualNetworks/yanakiev-vnet/subnets/yanakiev-subnet",
                            "location": "westeurope",
                            "mac_address": "",
                            "name": "yanakiev-ni2",
                            "network_security_group_id": "/subscriptions/a0646149-4324-4cd8-9285-65529749461c/resourceGroups/rg-tccc-poc-rds-sofia-yanakiev/providers/Microsoft.Network/networkSecurityGroups/yanakiev-NSG",
                            "private_ip_address": "10.2.0.5",
                            "private_ip_addresses.#": "1",
                            "private_ip_addresses.0": "10.2.0.5",
                            "resource_group_name": "rg-tccc-poc-rds-sofia-yanakiev",
                            "tags.%": "1",
                            "tags.user": "dyanakiev"
                        },
                        "meta": {},
                        "tainted": false
                    },
                    "deposed": [],
                    "provider": "provider.azurerm"
                },
                "azurerm_network_security_group.yanakiev-scg": {
                    "type": "azurerm_network_security_group",
                    "depends_on": [
                        "azurerm_resource_group.rg-tccc-poc-rds-sofia-yanakiev"
                    ],
                    "primary": {
                        "id": "/subscriptions/a0646149-4324-4cd8-9285-65529749461c/resourceGroups/rg-tccc-poc-rds-sofia-yanakiev/providers/Microsoft.Network/networkSecurityGroups/yanakiev-NSG",
                        "attributes": {
                            "id": "/subscriptions/a0646149-4324-4cd8-9285-65529749461c/resourceGroups/rg-tccc-poc-rds-sofia-yanakiev/providers/Microsoft.Network/networkSecurityGroups/yanakiev-NSG",
                            "location": "westeurope",
                            "name": "yanakiev-NSG",
                            "resource_group_name": "rg-tccc-poc-rds-sofia-yanakiev",
                            "security_rule.#": "1",
                            "security_rule.554345685.access": "Allow",
                            "security_rule.554345685.description": "",
                            "security_rule.554345685.destination_address_prefix": "*",
                            "security_rule.554345685.destination_address_prefixes.#": "0",
                            "security_rule.554345685.destination_application_security_group_ids.#": "0",
                            "security_rule.554345685.destination_port_range": "22",
                            "security_rule.554345685.destination_port_ranges.#": "0",
                            "security_rule.554345685.direction": "Inbound",
                            "security_rule.554345685.name": "AllowSSH",
                            "security_rule.554345685.priority": "100",
                            "security_rule.554345685.protocol": "Tcp",
                            "security_rule.554345685.source_address_prefix": "*",
                            "security_rule.554345685.source_address_prefixes.#": "0",
                            "security_rule.554345685.source_application_security_group_ids.#": "0",
                            "security_rule.554345685.source_port_range": "*",
                            "security_rule.554345685.source_port_ranges.#": "0",
                            "tags.%": "1",
                            "tags.user": "dyanakiev"
                        },
                        "meta": {},
                        "tainted": false
                    },
                    "deposed": [],
                    "provider": "provider.azurerm"
                },
                "azurerm_public_ip.yanakiev-ip1": {
                    "type": "azurerm_public_ip",
                    "depends_on": [
                        "azurerm_resource_group.rg-tccc-poc-rds-sofia-yanakiev"
                    ],
                    "primary": {
                        "id": "/subscriptions/a0646149-4324-4cd8-9285-65529749461c/resourceGroups/rg-tccc-poc-rds-sofia-yanakiev/providers/Microsoft.Network/publicIPAddresses/yanakiev-pip1",
                        "attributes": {
                            "id": "/subscriptions/a0646149-4324-4cd8-9285-65529749461c/resourceGroups/rg-tccc-poc-rds-sofia-yanakiev/providers/Microsoft.Network/publicIPAddresses/yanakiev-pip1",
                            "idle_timeout_in_minutes": "30",
                            "location": "westeurope",
                            "name": "yanakiev-pip1",
                            "public_ip_address_allocation": "dynamic",
                            "resource_group_name": "rg-tccc-poc-rds-sofia-yanakiev",
                            "sku": "Basic",
                            "tags.%": "1",
                            "tags.user": "dyanakiev",
                            "zones.#": "0"
                        },
                        "meta": {},
                        "tainted": false
                    },
                    "deposed": [],
                    "provider": "provider.azurerm"
                },
                "azurerm_public_ip.yanakiev-ip2": {
                    "type": "azurerm_public_ip",
                    "depends_on": [
                        "azurerm_resource_group.rg-tccc-poc-rds-sofia-yanakiev"
                    ],
                    "primary": {
                        "id": "/subscriptions/a0646149-4324-4cd8-9285-65529749461c/resourceGroups/rg-tccc-poc-rds-sofia-yanakiev/providers/Microsoft.Network/publicIPAddresses/yanakiev-pip2",
                        "attributes": {
                            "id": "/subscriptions/a0646149-4324-4cd8-9285-65529749461c/resourceGroups/rg-tccc-poc-rds-sofia-yanakiev/providers/Microsoft.Network/publicIPAddresses/yanakiev-pip2",
                            "idle_timeout_in_minutes": "30",
                            "location": "westeurope",
                            "name": "yanakiev-pip2",
                            "public_ip_address_allocation": "dynamic",
                            "resource_group_name": "rg-tccc-poc-rds-sofia-yanakiev",
                            "sku": "Basic",
                            "tags.%": "1",
                            "tags.user": "dyanakiev",
                            "zones.#": "0"
                        },
                        "meta": {},
                        "tainted": false
                    },
                    "deposed": [],
                    "provider": "provider.azurerm"
                },
                "azurerm_resource_group.rg-tccc-poc-rds-sofia-yanakiev": {
                    "type": "azurerm_resource_group",
                    "depends_on": [],
                    "primary": {
                        "id": "/subscriptions/a0646149-4324-4cd8-9285-65529749461c/resourceGroups/rg-tccc-poc-rds-sofia-yanakiev",
                        "attributes": {
                            "id": "/subscriptions/a0646149-4324-4cd8-9285-65529749461c/resourceGroups/rg-tccc-poc-rds-sofia-yanakiev",
                            "location": "westeurope",
                            "name": "rg-tccc-poc-rds-sofia-yanakiev",
                            "tags.%": "1",
                            "tags.user": "dyanakiev"
                        },
                        "meta": {},
                        "tainted": false
                    },
                    "deposed": [],
                    "provider": "provider.azurerm"
                },
                "azurerm_subnet.subnet": {
                    "type": "azurerm_subnet",
                    "depends_on": [
                        "azurerm_resource_group.rg-tccc-poc-rds-sofia-yanakiev",
                        "azurerm_virtual_network.vnet"
                    ],
                    "primary": {
                        "id": "/subscriptions/a0646149-4324-4cd8-9285-65529749461c/resourceGroups/rg-tccc-poc-rds-sofia-yanakiev/providers/Microsoft.Network/virtualNetworks/yanakiev-vnet/subnets/yanakiev-subnet",
                        "attributes": {
                            "address_prefix": "10.2.0.0/24",
                            "id": "/subscriptions/a0646149-4324-4cd8-9285-65529749461c/resourceGroups/rg-tccc-poc-rds-sofia-yanakiev/providers/Microsoft.Network/virtualNetworks/yanakiev-vnet/subnets/yanakiev-subnet",
                            "ip_configurations.#": "0",
                            "name": "yanakiev-subnet",
                            "resource_group_name": "rg-tccc-poc-rds-sofia-yanakiev",
                            "service_endpoints.#": "0",
                            "virtual_network_name": "yanakiev-vnet"
                        },
                        "meta": {},
                        "tainted": false
                    },
                    "deposed": [],
                    "provider": "provider.azurerm"
                },
                "azurerm_virtual_machine.yanakiev-vm1": {
                    "type": "azurerm_virtual_machine",
                    "depends_on": [
                        "azurerm_network_interface.yanakiev-ni1"
                    ],
                    "primary": {
                        "id": "/subscriptions/a0646149-4324-4cd8-9285-65529749461c/resourceGroups/rg-tccc-poc-rds-sofia-yanakiev/providers/Microsoft.Compute/virtualMachines/zltdimitar001",
                        "attributes": {
                            "delete_data_disks_on_termination": "false",
                            "delete_os_disk_on_termination": "false",
                            "id": "/subscriptions/a0646149-4324-4cd8-9285-65529749461c/resourceGroups/rg-tccc-poc-rds-sofia-yanakiev/providers/Microsoft.Compute/virtualMachines/zltdimitar001",
                            "identity.#": "0",
                            "location": "westeurope",
                            "name": "zltdimitar001",
                            "network_interface_ids.#": "1",
                            "network_interface_ids.0": "/subscriptions/a0646149-4324-4cd8-9285-65529749461c/resourceGroups/rg-tccc-poc-rds-sofia-yanakiev/providers/Microsoft.Network/networkInterfaces/yanakiev-ni1",
                            "os_profile.#": "1",
                            "os_profile.1916403602.admin_password": "",
                            "os_profile.1916403602.admin_username": "dimitar",
                            "os_profile.1916403602.computer_name": "zltdimitar001",
                            "os_profile.1916403602.custom_data": "",
                            "os_profile_linux_config.#": "1",
                            "os_profile_linux_config.69840937.disable_password_authentication": "true",
                            "os_profile_linux_config.69840937.ssh_keys.#": "1",
                            "os_profile_linux_config.69840937.ssh_keys.0.key_data": "ssh-rsa AAAAB3NzaC1yc2EAAAABJQAAAIBqSBtoy1sJ+RhftrH+HWu4hrQ3PW5Sf8G1CtwS8fxVNNCYasDVi5bCRMSNNzPj87vNID+lJ4AqV7mvzybR7/TdJjrOHvTns1H6hxEs72AfP1gY68iVBR2eWZz+5ec42FDQoEDSGWFZfc6sJ3/d8n5k7isoSQYhfz4RjFpTpQj8zw== rsa-key-20180516",
                            "os_profile_linux_config.69840937.ssh_keys.0.path": "/home/dimitar/.ssh/authorized_keys",
                            "os_profile_secrets.#": "0",
                            "resource_group_name": "rg-tccc-poc-rds-sofia-yanakiev",
                            "storage_data_disk.#": "0",
                            "storage_image_reference.#": "1",
                            "storage_image_reference.2250550379.id": "",
                            "storage_image_reference.2250550379.offer": "RHEL",
                            "storage_image_reference.2250550379.publisher": "RedHat",
                            "storage_image_reference.2250550379.sku": "7.3",
                            "storage_image_reference.2250550379.version": "latest",
                            "storage_os_disk.#": "1",
                            "storage_os_disk.0.caching": "ReadWrite",
                            "storage_os_disk.0.create_option": "FromImage",
                            "storage_os_disk.0.disk_size_gb": "32",
                            "storage_os_disk.0.image_uri": "",
                            "storage_os_disk.0.managed_disk_id": "/subscriptions/a0646149-4324-4cd8-9285-65529749461c/resourceGroups/rg-tccc-poc-rds-sofia-yanakiev/providers/Microsoft.Compute/disks/zltdimitar001disk",
                            "storage_os_disk.0.managed_disk_type": "Standard_LRS",
                            "storage_os_disk.0.name": "zltdimitar001disk",
                            "storage_os_disk.0.os_type": "Linux",
                            "storage_os_disk.0.vhd_uri": "",
                            "tags.%": "1",
                            "tags.user": "dyanakiev",
                            "vm_size": "Standard_D2_v3",
                            "zones.#": "0"
                        },
                        "meta": {},
                        "tainted": false
                    },
                    "deposed": [],
                    "provider": "provider.azurerm"
                },
                "azurerm_virtual_machine.yanakiev-vm2": {
                    "type": "azurerm_virtual_machine",
                    "depends_on": [
                        "azurerm_network_interface.yanakiev-ni2"
                    ],
                    "primary": {
                        "id": "/subscriptions/a0646149-4324-4cd8-9285-65529749461c/resourceGroups/rg-tccc-poc-rds-sofia-yanakiev/providers/Microsoft.Compute/virtualMachines/zltdimitar002",
                        "attributes": {
                            "delete_data_disks_on_termination": "false",
                            "delete_os_disk_on_termination": "false",
                            "id": "/subscriptions/a0646149-4324-4cd8-9285-65529749461c/resourceGroups/rg-tccc-poc-rds-sofia-yanakiev/providers/Microsoft.Compute/virtualMachines/zltdimitar002",
                            "identity.#": "0",
                            "location": "westeurope",
                            "name": "zltdimitar002",
                            "network_interface_ids.#": "1",
                            "network_interface_ids.0": "/subscriptions/a0646149-4324-4cd8-9285-65529749461c/resourceGroups/rg-tccc-poc-rds-sofia-yanakiev/providers/Microsoft.Network/networkInterfaces/yanakiev-ni2",
                            "os_profile.#": "1",
                            "os_profile.1494527057.admin_password": "",
                            "os_profile.1494527057.admin_username": "dimitar",
                            "os_profile.1494527057.computer_name": "zltdimitar002",
                            "os_profile.1494527057.custom_data": "",
                            "os_profile_linux_config.#": "1",
                            "os_profile_linux_config.69840937.disable_password_authentication": "true",
                            "os_profile_linux_config.69840937.ssh_keys.#": "1",
                            "os_profile_linux_config.69840937.ssh_keys.0.key_data": "ssh-rsa AAAAB3NzaC1yc2EAAAABJQAAAIBqSBtoy1sJ+RhftrH+HWu4hrQ3PW5Sf8G1CtwS8fxVNNCYasDVi5bCRMSNNzPj87vNID+lJ4AqV7mvzybR7/TdJjrOHvTns1H6hxEs72AfP1gY68iVBR2eWZz+5ec42FDQoEDSGWFZfc6sJ3/d8n5k7isoSQYhfz4RjFpTpQj8zw== rsa-key-20180516",
                            "os_profile_linux_config.69840937.ssh_keys.0.path": "/home/dimitar/.ssh/authorized_keys",
                            "os_profile_secrets.#": "0",
                            "resource_group_name": "rg-tccc-poc-rds-sofia-yanakiev",
                            "storage_data_disk.#": "0",
                            "storage_image_reference.#": "1",
                            "storage_image_reference.2250550379.id": "",
                            "storage_image_reference.2250550379.offer": "RHEL",
                            "storage_image_reference.2250550379.publisher": "RedHat",
                            "storage_image_reference.2250550379.sku": "7.3",
                            "storage_image_reference.2250550379.version": "latest",
                            "storage_os_disk.#": "1",
                            "storage_os_disk.0.caching": "ReadWrite",
                            "storage_os_disk.0.create_option": "FromImage",
                            "storage_os_disk.0.disk_size_gb": "32",
                            "storage_os_disk.0.image_uri": "",
                            "storage_os_disk.0.managed_disk_id": "/subscriptions/a0646149-4324-4cd8-9285-65529749461c/resourceGroups/rg-tccc-poc-rds-sofia-yanakiev/providers/Microsoft.Compute/disks/zltdimitar002disk",
                            "storage_os_disk.0.managed_disk_type": "Standard_LRS",
                            "storage_os_disk.0.name": "zltdimitar002disk",
                            "storage_os_disk.0.os_type": "Linux",
                            "storage_os_disk.0.vhd_uri": "",
                            "tags.%": "1",
                            "tags.user": "dyanakiev",
                            "vm_size": "Standard_D2_v3",
                            "zones.#": "0"
                        },
                        "meta": {},
                        "tainted": false
                    },
                    "deposed": [],
                    "provider": "provider.azurerm"
                },
                "azurerm_virtual_network.vnet": {
                    "type": "azurerm_virtual_network",
                    "depends_on": [
                        "azurerm_network_security_group.yanakiev-scg",
                        "azurerm_resource_group.rg-tccc-poc-rds-sofia-yanakiev"
                    ],
                    "primary": {
                        "id": "/subscriptions/a0646149-4324-4cd8-9285-65529749461c/resourceGroups/rg-tccc-poc-rds-sofia-yanakiev/providers/Microsoft.Network/virtualNetworks/yanakiev-vnet",
                        "attributes": {
                            "address_space.#": "1",
                            "address_space.0": "10.2.0.0/16",
                            "dns_servers.#": "0",
                            "id": "/subscriptions/a0646149-4324-4cd8-9285-65529749461c/resourceGroups/rg-tccc-poc-rds-sofia-yanakiev/providers/Microsoft.Network/virtualNetworks/yanakiev-vnet",
                            "location": "westeurope",
                            "name": "yanakiev-vnet",
                            "resource_group_name": "rg-tccc-poc-rds-sofia-yanakiev",
                            "subnet.#": "0",
                            "tags.%": "1",
                            "tags.user": "dyanakiev"
                        },
                        "meta": {},
                        "tainted": false
                    },
                    "deposed": [],
                    "provider": "provider.azurerm"
                }
            },
            "depends_on": []
        }
    ]
}
